
Microsoft Visual Studio Solution File, Format Version 12.00
# Visual Studio Version 17
VisualStudioVersion = 17.0.31903.59
MinimumVisualStudioVersion = 10.0.40219.1
Project("{FAE04EC0-301F-11D3-BF4B-00C04F79EFBC}") = "API", "API\API.csproj", "{90E4AEC6-5A40-4C0A-B6A0-B152BDE2CB85}"
EndProject
Project("{FAE04EC0-301F-11D3-BF4B-00C04F79EFBC}") = "Application", "Application\Application.csproj", "{C6802C03-FCF8-42CD-AE09-A5999A8CB12F}"
EndProject
Project("{FAE04EC0-301F-11D3-BF4B-00C04F79EFBC}") = "Domain", "Domain\Domain.csproj", "{7D141F8A-36FF-41F9-A073-5EA73E6FFC6A}"
EndProject
Project("{FAE04EC0-301F-11D3-BF4B-00C04F79EFBC}") = "Persistence", "Persistence\Persistence.csproj", "{07C768EA-3209-49AC-97F8-25C92EA83F3F}"
EndProject
Global
	GlobalSection(SolutionConfigurationPlatforms) = preSolution
		Debug|Any CPU = Debug|Any CPU
		Release|Any CPU = Release|Any CPU
	EndGlobalSection
	GlobalSection(SolutionProperties) = preSolution
		HideSolutionNode = FALSE
	EndGlobalSection
	GlobalSection(ProjectConfigurationPlatforms) = postSolution
		{90E4AEC6-5A40-4C0A-B6A0-B152BDE2CB85}.Debug|Any CPU.ActiveCfg = Debug|Any CPU
		{90E4AEC6-5A40-4C0A-B6A0-B152BDE2CB85}.Debug|Any CPU.Build.0 = Debug|Any CPU
		{90E4AEC6-5A40-4C0A-B6A0-B152BDE2CB85}.Release|Any CPU.ActiveCfg = Release|Any CPU
		{90E4AEC6-5A40-4C0A-B6A0-B152BDE2CB85}.Release|Any CPU.Build.0 = Release|Any CPU
		{C6802C03-FCF8-42CD-AE09-A5999A8CB12F}.Debug|Any CPU.ActiveCfg = Debug|Any CPU
		{C6802C03-FCF8-42CD-AE09-A5999A8CB12F}.Debug|Any CPU.Build.0 = Debug|Any CPU
		{C6802C03-FCF8-42CD-AE09-A5999A8CB12F}.Release|Any CPU.ActiveCfg = Release|Any CPU
		{C6802C03-FCF8-42CD-AE09-A5999A8CB12F}.Release|Any CPU.Build.0 = Release|Any CPU
		{7D141F8A-36FF-41F9-A073-5EA73E6FFC6A}.Debug|Any CPU.ActiveCfg = Debug|Any CPU
		{7D141F8A-36FF-41F9-A073-5EA73E6FFC6A}.Debug|Any CPU.Build.0 = Debug|Any CPU
		{7D141F8A-36FF-41F9-A073-5EA73E6FFC6A}.Release|Any CPU.ActiveCfg = Release|Any CPU
		{7D141F8A-36FF-41F9-A073-5EA73E6FFC6A}.Release|Any CPU.Build.0 = Release|Any CPU
		{07C768EA-3209-49AC-97F8-25C92EA83F3F}.Debug|Any CPU.ActiveCfg = Debug|Any CPU
		{07C768EA-3209-49AC-97F8-25C92EA83F3F}.Debug|Any CPU.Build.0 = Debug|Any CPU
		{07C768EA-3209-49AC-97F8-25C92EA83F3F}.Release|Any CPU.ActiveCfg = Release|Any CPU
		{07C768EA-3209-49AC-97F8-25C92EA83F3F}.Release|Any CPU.Build.0 = Release|Any CPU
	EndGlobalSection
EndGlobal
